
Microsoft Visual Studio Solution File, Format Version 12.00
Project("{FAE04EC0-301F-11D3-BF4B-00C04F79EFBC}") = "Cuphead.TAS", "Cuphead.TAS\Cuphead.TAS.csproj", "{4F07C807-ADFE-4F49-B35F-96A1F4CBB586}"
EndProject
Project("{FAE04EC0-301F-11D3-BF4B-00C04F79EFBC}") = "TAS.Core", "TAS.Core\TAS.Core.csproj", "{47C4AF29-3033-4EFE-A03D-CAAE440372AD}"
EndProject
Project("{FAE04EC0-301F-11D3-BF4B-00C04F79EFBC}") = "TAS.Studio", "TAS.Studio\TAS.Studio.csproj", "{D0405916-D7D1-4A25-BBD6-2D5390C71ADA}"
EndProject
Project("{FAE04EC0-301F-11D3-BF4B-00C04F79EFBC}") = "TAS.Shared", "TAS.Shared\TAS.Shared.csproj", "{7C895CAF-9307-4EA9-877C-3894122D39E2}"
EndProject
Global
	GlobalSection(SolutionConfigurationPlatforms) = preSolution
		v134|Any CPU = v134|Any CPU
		v100|Any CPU = v100|Any CPU
		v124|Any CPU = v124|Any CPU
	EndGlobalSection
	GlobalSection(ProjectConfigurationPlatforms) = postSolution
		{4F07C807-ADFE-4F49-B35F-96A1F4CBB586}.v134|Any CPU.ActiveCfg = v134|Any CPU
		{4F07C807-ADFE-4F49-B35F-96A1F4CBB586}.v134|Any CPU.Build.0 = v134|Any CPU
		{4F07C807-ADFE-4F49-B35F-96A1F4CBB586}.v100|Any CPU.ActiveCfg = v100|Any CPU
		{4F07C807-ADFE-4F49-B35F-96A1F4CBB586}.v100|Any CPU.Build.0 = v100|Any CPU
		{4F07C807-ADFE-4F49-B35F-96A1F4CBB586}.v124|Any CPU.ActiveCfg = v124|Any CPU
		{4F07C807-ADFE-4F49-B35F-96A1F4CBB586}.v124|Any CPU.Build.0 = v124|Any CPU
		{47C4AF29-3033-4EFE-A03D-CAAE440372AD}.v134|Any CPU.ActiveCfg = v134|Any CPU
		{47C4AF29-3033-4EFE-A03D-CAAE440372AD}.v134|Any CPU.Build.0 = v134|Any CPU
		{47C4AF29-3033-4EFE-A03D-CAAE440372AD}.v100|Any CPU.ActiveCfg = v100|Any CPU
		{47C4AF29-3033-4EFE-A03D-CAAE440372AD}.v100|Any CPU.Build.0 = v100|Any CPU
		{47C4AF29-3033-4EFE-A03D-CAAE440372AD}.v124|Any CPU.ActiveCfg = v124|Any CPU
		{47C4AF29-3033-4EFE-A03D-CAAE440372AD}.v124|Any CPU.Build.0 = v124|Any CPU
		{D0405916-D7D1-4A25-BBD6-2D5390C71ADA}.v134|Any CPU.ActiveCfg = v134|Any CPU
		{D0405916-D7D1-4A25-BBD6-2D5390C71ADA}.v134|Any CPU.Build.0 = v134|Any CPU
		{D0405916-D7D1-4A25-BBD6-2D5390C71ADA}.v100|Any CPU.ActiveCfg = v100|Any CPU
		{D0405916-D7D1-4A25-BBD6-2D5390C71ADA}.v100|Any CPU.Build.0 = v100|Any CPU
		{D0405916-D7D1-4A25-BBD6-2D5390C71ADA}.v124|Any CPU.ActiveCfg = v124|Any CPU
		{D0405916-D7D1-4A25-BBD6-2D5390C71ADA}.v124|Any CPU.Build.0 = v124|Any CPU
		{7C895CAF-9307-4EA9-877C-3894122D39E2}.v134|Any CPU.ActiveCfg = v134|Any CPU
		{7C895CAF-9307-4EA9-877C-3894122D39E2}.v134|Any CPU.Build.0 = v134|Any CPU
		{7C895CAF-9307-4EA9-877C-3894122D39E2}.v100|Any CPU.ActiveCfg = v100|Any CPU
		{7C895CAF-9307-4EA9-877C-3894122D39E2}.v100|Any CPU.Build.0 = v100|Any CPU
		{7C895CAF-9307-4EA9-877C-3894122D39E2}.v124|Any CPU.ActiveCfg = v124|Any CPU
		{7C895CAF-9307-4EA9-877C-3894122D39E2}.v124|Any CPU.Build.0 = v124|Any CPU
	EndGlobalSection
EndGlobal
